
Microsoft Visual Studio Solution File, Format Version 12.00
# Visual Studio Version 17
VisualStudioVersion = 17.4.33110.190
MinimumVisualStudioVersion = 10.0.40219.1
Project("{FAE04EC0-301F-11D3-BF4B-00C04F79EFBC}") = "WebApp", "WebApp\WebApp.csproj", "{04EEFE5C-3CB2-4242-81E4-866CF1EAEE07}"
EndProject
Project("{2150E333-8FDC-42A3-9474-1A3956D46DE8}") = "Элементы решения", "Элементы решения", "{1A9FC976-1AA6-4224-BAB2-9F443801ABCE}"
	ProjectSection(SolutionItems) = preProject
		compose.yaml = compose.yaml
	EndProjectSection
EndProject
Global
	GlobalSection(SolutionConfigurationPlatforms) = preSolution
		Debug|Any CPU = Debug|Any CPU
		Release|Any CPU = Release|Any CPU
	EndGlobalSection
	GlobalSection(ProjectConfigurationPlatforms) = postSolution
		{04EEFE5C-3CB2-4242-81E4-866CF1EAEE07}.Debug|Any CPU.ActiveCfg = Debug|Any CPU
		{04EEFE5C-3CB2-4242-81E4-866CF1EAEE07}.Debug|Any CPU.Build.0 = Debug|Any CPU
		{04EEFE5C-3CB2-4242-81E4-866CF1EAEE07}.Release|Any CPU.ActiveCfg = Release|Any CPU
		{04EEFE5C-3CB2-4242-81E4-866CF1EAEE07}.Release|Any CPU.Build.0 = Release|Any CPU
	EndGlobalSection
	GlobalSection(SolutionProperties) = preSolution
		HideSolutionNode = FALSE
	EndGlobalSection
	GlobalSection(ExtensibilityGlobals) = postSolution
		SolutionGuid = {D1F617E8-E70B-49E2-B858-A42D2A1973DB}
	EndGlobalSection
EndGlobal
